
Microsoft Visual Studio Solution File, Format Version 12.00
# Visual Studio Version 17
VisualStudioVersion = 17.4.33110.190
MinimumVisualStudioVersion = 10.0.40219.1
Project("{FAE04EC0-301F-11D3-BF4B-00C04F79EFBC}") = "CSharpFunctions", "CSharpFunctions\CSharpFunctions.csproj", "{18B21300-B171-4928-AF58-0169E33AFEE5}"
EndProject
Global
	GlobalSection(SolutionConfigurationPlatforms) = preSolution
		Debug|Any CPU = Debug|Any CPU
		Release|Any CPU = Release|Any CPU
	EndGlobalSection
	GlobalSection(ProjectConfigurationPlatforms) = postSolution
		{18B21300-B171-4928-AF58-0169E33AFEE5}.Debug|Any CPU.ActiveCfg = Debug|Any CPU
		{18B21300-B171-4928-AF58-0169E33AFEE5}.Debug|Any CPU.Build.0 = Debug|Any CPU
		{18B21300-B171-4928-AF58-0169E33AFEE5}.Release|Any CPU.ActiveCfg = Release|Any CPU
		{18B21300-B171-4928-AF58-0169E33AFEE5}.Release|Any CPU.Build.0 = Release|Any CPU
	EndGlobalSection
	GlobalSection(SolutionProperties) = preSolution
		HideSolutionNode = FALSE
	EndGlobalSection
	GlobalSection(ExtensibilityGlobals) = postSolution
		SolutionGuid = {37A2C1DA-61BD-479A-B32A-BE3D9DEFFCFE}
	EndGlobalSection
EndGlobal
